version = 3
schema = "cellscript-lock-v0.24-graph-v1"

[package]
edition = "2027"
name = "semantic-foundation-2027"
version = "0.1.0"
source_hash = "95ac46e63de84a38de7ab1b7ef685bd268c2c951e8861884c3cb2492380b37ec"

[root]
manifest_digest = "sha256:fbf5ca16f485f4713e71188c79796bd467dbbb743ba8d00c0cbc837c6466a12a"

[dependencies]
